{
  "name": "AwesomeProject",
  "version": "0.1.0",
  "lockfileVersion": 1,
  "requires": true,
  "dependencies": {
    "react-native-web-player": {
      "version": "2.0.0-alpha.3",
      "resolved": "https://registry.npmjs.org/react-native-web-player/-/react-native-web-player-2.0.0-alpha.3.tgz",
      "integrity": "sha512-Ko759QJ5NWUGWwCdRXqiw3/w591CVsCbFW9VL9IsBiNDQDui5E9GP3OhELS5O5XwRB5PqI4qI4d1pY8GFX+45w=="
    }
  }
}
